// !$*UTF8*$!
{
	archiveVersion = 1;
	classes = {
	};
	objectVersion = 46;
	objects = {

/* Begin PBXBuildFile section */
		CC999DB31CBC3CD80083F213 /* AppDelegate.swift in Sources */ = {isa = PBXBuildFile; fileRef = CC999DB21CBC3CD80083F213 /* AppDelegate.swift */; };
		CC999DB51CBC3CD80083F213 /* ViewController.swift in Sources */ = {isa = PBXBuildFile; fileRef = CC999DB41CBC3CD80083F213 /* ViewController.swift */; };
		CC999DB81CBC3CD80083F213 /* Main.storyboard in Resources */ = {isa = PBXBuildFile; fileRef = CC999DB61CBC3CD80083F213 /* Main.storyboard */; };
		CC999DBA1CBC3CD90083F213 /* Assets.xcassets in Resources */ = {isa = PBXBuildFile; fileRef = CC999DB91CBC3CD90083F213 /* Assets.xcassets */; };
		CC999DBD1CBC3CD90083F213 /* LaunchScreen.storyboard in Resources */ = {isa = PBXBuildFile; fileRef = CC999DBB1CBC3CD90083F213 /* LaunchScreen.storyboard */; };
/* End PBXBuildFile section */

/* Begin PBXFileReference section */
		CC999DAF1CBC3CD80083F213 /* HOLA MUNDO.app */ = {isa = PBXFileReference; explicitFileType = wrapper.application; includeInIndex = 0; path = "HOLA MUNDO.app"; sourceTree = BUILT_PRODUCTS_DIR; };
		CC999DB21CBC3CD80083F213 /* AppDelegate.swift */ = {isa = PBXFileReference; lastKnownFileType = sourcecode.swift; path = AppDelegate.swift; sourceTree = "<group>"; };
		CC999DB41CBC3CD80083F213 /* ViewController.swift */ = {isa = PBXFileReference; lastKnownFileType = sourcecode.swift; path = ViewController.swift; sourceTree = "<group>"; };
		CC999DB71CBC3CD80083F213 /* Base */ = {isa = PBXFileReference; lastKnownFileType = file.storyboard; name = Base; path = Base.lproj/Main.storyboard; sourceTree = "<group>"; };
		CC999DB91CBC3CD90083F213 /* Assets.xcassets */ = {isa = PBXFileReference; lastKnownFileType = folder.assetcatalog; path = Assets.xcassets; sourceTree = "<group>"; };
		CC999DBC1CBC3CD90083F213 /* Base */ = {isa = PBXFileReference; lastKnownFileType = file.storyboard; name = Base; path = Base.lproj/LaunchScreen.storyboard; sourceTree = "<group>"; };
		CC999DBE1CBC3CD90083F213 /* Info.plist */ = {isa = PBXFileReference; lastKnownFileType = text.plist.xml; path = Info.plist; sourceTree = "<group>"; };
/* End PBXFileReference section */

/* Begin PBXFrameworksBuildPhase section */
		CC999DAC1CBC3CD80083F213 /* Frameworks */ = {
			isa = PBXFrameworksBuildPhase;
			buildActionMask = 2147483647;
			files = (
			);
			runOnlyForDeploymentPostprocessing = 0;
		};
/* End PBXFrameworksBuildPhase section */

/* Begin PBXGroup section */
		CC999DA61CBC3CD80083F213 = {
			isa = PBXGroup;
			children = (
				CC999DB11CBC3CD80083F213 /* HOLA MUNDO */,
				CC999DB01CBC3CD80083F213 /* Products */,
			);
			sourceTree = "<group>";
		};
		CC999DB01CBC3CD80083F213 /* Products */ = {
			isa = PBXGroup;
			children = (
				CC999DAF1CBC3CD80083F213 /* HOLA MUNDO.app */,
			);
			name = Products;
			sourceTree = "<group>";
		};
		CC999DB11CBC3CD80083F213 /* HOLA MUNDO */ = {
			isa = PBXGroup;
			children = (
				CC999DB21CBC3CD80083F213 /* AppDelegate.swift */,
				CC999DB41CBC3CD80083F213 /* ViewController.swift */,
				CC999DB61CBC3CD80083F213 /* Main.storyboard */,
				CC999DB91CBC3CD90083F213 /* Assets.xcassets */,
				CC999DBB1CBC3CD90083F213 /* LaunchScreen.storyboard */,
				CC999DBE1CBC3CD90083F213 /* Info.plist */,
			);
			path = "HOLA MUNDO";
			sourceTree = "<group>";
		};
/* End PBXGroup section */

/* Begin PBXNativeTarget section */
		CC999DAE1CBC3CD80083F213 /* HOLA MUNDO */ = {
			isa = PBXNativeTarget;
			buildConfigurationList = CC999DC11CBC3CD90083F213 /* Build configuration list for PBXNativeTarget "HOLA MUNDO" */;
			buildPhases = (
				CC999DAB1CBC3CD80083F213 /* Sources */,
				CC999DAC1CBC3CD80083F213 /* Frameworks */,
				CC999DAD1CBC3CD80083F213 /* Resources */,
			);
			buildRules = (
			);
			dependencies = (
			);
			name = "HOLA MUNDO";
			productName = "HOLA MUNDO";
			productReference = CC999DAF1CBC3CD80083F213 /* HOLA MUNDO.app */;
			productType = "com.apple.product-type.application";
		};
/* End PBXNativeTarget section */

/* Begin PBXProject section */
		CC999DA71CBC3CD80083F213 /* Project object */ = {
			isa = PBXProject;
			attributes = {
				LastSwiftUpdateCheck = 0730;
				LastUpgradeCheck = 0730;
				ORGANIZATIONNAME = "Single View Application";
				TargetAttributes = {
					CC999DAE1CBC3CD80083F213 = {
						CreatedOnToolsVersion = 7.3;
						DevelopmentTeam = 3E23ZBUD8B;
					};
				};
			};
			buildConfigurationList = CC999DAA1CBC3CD80083F213 /* Build configuration list for PBXProject "HOLA MUNDO" */;
			compatibilityVersion = "Xcode 3.2";
			developmentRegion = English;
			hasScannedForEncodings = 0;
			knownRegions = (
				en,
				Base,
			);
			mainGroup = CC999DA61CBC3CD80083F213;
			productRefGroup = CC999DB01CBC3CD80083F213 /* Products */;
			projectDirPath = "";
			projectRoot = "";
			targets = (
				CC999DAE1CBC3CD80083F213 /* HOLA MUNDO */,
			);
		};
/* End PBXProject section */

/* Begin PBXResourcesBuildPhase section */
		CC999DAD1CBC3CD80083F213 /* Resources */ = {
			isa = PBXResourcesBuildPhase;
			buildActionMask = 2147483647;
			files = (
				CC999DBD1CBC3CD90083F213 /* LaunchScreen.storyboard in Resources */,
				CC999DBA1CBC3CD90083F213 /* Assets.xcassets in Resources */,
				CC999DB81CBC3CD80083F213 /* Main.storyboard in Resources */,
			);
			runOnlyForDeploymentPostprocessing = 0;
		};
/* End PBXResourcesBuildPhase section */

/* Begin PBXSourcesBuildPhase section */
		CC999DAB1CBC3CD80083F213 /* Sources */ = {
			isa = PBXSourcesBuildPhase;
			buildActionMask = 2147483647;
			files = (
				CC999DB51CBC3CD80083F213 /* ViewController.swift in Sources */,
				CC999DB31CBC3CD80083F213 /* AppDelegate.swift in Sources */,
			);
			runOnlyForDeploymentPostprocessing = 0;
		};
/* End PBXSourcesBuildPhase section */

/* Begin PBXVariantGroup section */
		CC999DB61CBC3CD80083F213 /* Main.storyboard */ = {
			isa = PBXVariantGroup;
			children = (
				CC999DB71CBC3CD80083F213 /* Base */,
			);
			name = Main.storyboard;
			sourceTree = "<group>";
		};
		CC999DBB1CBC3CD90083F213 /* LaunchScreen.storyboard */ = {
			isa = PBXVariantGroup;
			children = (
				CC999DBC1CBC3CD90083F213 /* Base */,
			);
			name = LaunchScreen.storyboard;
			sourceTree = "<group>";
		};
/* End PBXVariantGroup section */

/* Begin XCBuildConfiguration section */
		CC999DBF1CBC3CD90083F213 /* Debug */ = {
			isa = XCBuildConfiguration;
			buildSettings = {
				ALWAYS_SEARCH_USER_PATHS = NO;
				CLANG_ANALYZER_NONNULL = YES;
				CLANG_CXX_LANGUAGE_STANDARD = "gnu++0x";
				CLANG_CXX_LIBRARY = "libc++";
				CLANG_ENABLE_MODULES = YES;
				CLANG_ENABLE_OBJC_ARC = YES;
				CLANG_WARN_BOOL_CONVERSION = YES;
				CLANG_WARN_CONSTANT_CONVERSION = YES;
				CLANG_WARN_DIRECT_OBJC_ISA_USAGE = YES_ERROR;
				CLANG_WARN_EMPTY_BODY = YES;
				CLANG_WARN_ENUM_CONVERSION = YES;
				CLANG_WARN_INT_CONVERSION = YES;
				CLANG_WARN_OBJC_ROOT_CLASS = YES_ERROR;
				CLANG_WARN_UNREACHABLE_CODE = YES;
				CLANG_WARN__DUPLICATE_METHOD_MATCH = YES;
				"CODE_SIGN_IDENTITY[sdk=iphoneos*]" = "iPhone Developer";
				COPY_PHASE_STRIP = NO;
				DEBUG_INFORMATION_FORMAT = dwarf;
				ENABLE_STRICT_OBJC_MSGSEND = YES;
				ENABLE_TESTABILITY = YES;
				GCC_C_LANGUAGE_STANDARD = gnu99;
				GCC_DYNAMIC_NO_PIC = NO;
				GCC_NO_COMMON_BLOCKS = YES;
				GCC_OPTIMIZATION_LEVEL = 0;
				GCC_PREPROCESSOR_DEFINITIONS = (
					"DEBUG=1",
					"$(inherited)",
				);
				GCC_WARN_64_TO_32_BIT_CONVERSION = YES;
				GCC_WARN_ABOUT_RETURN_TYPE = YES_ERROR;
				GCC_WARN_UNDECLARED_SELECTOR = YES;
				GCC_WARN_UNINITIALIZED_AUTOS = YES_AGGRESSIVE;
				GCC_WARN_UNUSED_FUNCTION = YES;
				GCC_WARN_UNUSED_VARIABLE = YES;
				IPHONEOS_DEPLOYMENT_TARGET = 9.3;
				MTL_ENABLE_DEBUG_INFO = YES;
				ONLY_ACTIVE_ARCH = YES;
				SDKROOT = iphoneos;
				SWIFT_OPTIMIZATION_LEVEL = "-Onone";
			};
			name = Debug;
		};
		CC999DC01CBC3CD90083F213 /* Release */ = {
			isa = XCBuildConfiguration;
			buildSettings = {
				ALWAYS_SEARCH_USER_PATHS = NO;
				CLANG_ANALYZER_NONNULL = YES;
				CLANG_CXX_LANGUAGE_STANDARD = "gnu++0x";
				CLANG_CXX_LIBRARY = "libc++";
				CLANG_ENABLE_MODULES = YES;
				CLANG_ENABLE_OBJC_ARC = YES;
				CLANG_WARN_BOOL_CONVERSION = YES;
				CLANG_WARN_CONSTANT_CONVERSION = YES;
				CLANG_WARN_DIRECT_OBJC_ISA_USAGE = YES_ERROR;
				CLANG_WARN_EMPTY_BODY = YES;
				CLANG_WARN_ENUM_CONVERSION = YES;
				CLANG_WARN_INT_CONVERSION = YES;
				CLANG_WARN_OBJC_ROOT_CLASS = YES_ERROR;
				CLANG_WARN_UNREACHABLE_CODE = YES;
				CLANG_WARN__DUPLICATE_METHOD_MATCH = YES;
				"CODE_SIGN_IDENTITY[sdk=iphoneos*]" = "iPhone Developer";
				COPY_PHASE_STRIP = NO;
				DEBUG_INFORMATION_FORMAT = "dwarf-with-dsym";
				ENABLE_NS_ASSERTIONS = NO;
				ENABLE_STRICT_OBJC_MSGSEND = YES;
				GCC_C_LANGUAGE_STANDARD = gnu99;
				GCC_NO_COMMON_BLOCKS = YES;
				GCC_WARN_64_TO_32_BIT_CONVERSION = YES;
				GCC_WARN_ABOUT_RETURN_TYPE = YES_ERROR;
				GCC_WARN_UNDECLARED_SELECTOR = YES;
				GCC_WARN_UNINITIALIZED_AUTOS = YES_AGGRESSIVE;
				GCC_WARN_UNUSED_FUNCTION = YES;
				GCC_WARN_UNUSED_VARIABLE = YES;
				IPHONEOS_DEPLOYMENT_TARGET = 9.3;
				MTL_ENABLE_DEBUG_INFO = NO;
				SDKROOT = iphoneos;
				VALIDATE_PRODUCT = YES;
			};
			name = Release;
		};
		CC999DC21CBC3CD90083F213 /* Debug */ = {
			isa = XCBuildConfiguration;
			buildSettings = {
				ASSETCATALOG_COMPILER_APPICON_NAME = AppIcon;
				INFOPLIST_FILE = "HOLA MUNDO/Info.plist";
				LD_RUNPATH_SEARCH_PATHS = "$(inherited) @executable_path/Frameworks";
				PRODUCT_BUNDLE_IDENTIFIER = com.nextu.iosdeveloper.MUNDO;
				PRODUCT_NAME = "$(TARGET_NAME)";
			};
			name = Debug;
		};
		CC999DC31CBC3CD90083F213 /* Release */ = {
			isa = XCBuildConfiguration;
			buildSettings = {
				ASSETCATALOG_COMPILER_APPICON_NAME = AppIcon;
				INFOPLIST_FILE = "HOLA MUNDO/Info.plist";
				LD_RUNPATH_SEARCH_PATHS = "$(inherited) @executable_path/Frameworks";
				PRODUCT_BUNDLE_IDENTIFIER = com.nextu.iosdeveloper.MUNDO;
				PRODUCT_NAME = "$(TARGET_NAME)";
			};
			name = Release;
		};
/* End XCBuildConfiguration section */

/* Begin XCConfigurationList section */
		CC999DAA1CBC3CD80083F213 /* Build configuration list for PBXProject "HOLA MUNDO" */ = {
			isa = XCConfigurationList;
			buildConfigurations = (
				CC999DBF1CBC3CD90083F213 /* Debug */,
				CC999DC01CBC3CD90083F213 /* Release */,
			);
			defaultConfigurationIsVisible = 0;
			defaultConfigurationName = Release;
		};
		CC999DC11CBC3CD90083F213 /* Build configuration list for PBXNativeTarget "HOLA MUNDO" */ = {
			isa = XCConfigurationList;
			buildConfigurations = (
				CC999DC21CBC3CD90083F213 /* Debug */,
				CC999DC31CBC3CD90083F213 /* Release */,
			);
			defaultConfigurationIsVisible = 0;
		};
/* End XCConfigurationList section */
	};
	rootObject = CC999DA71CBC3CD80083F213 /* Project object */;
}
